
Microsoft Visual Studio Solution File, Format Version 12.00
# Visual Studio Version 17
VisualStudioVersion = 17.7.34221.43
MinimumVisualStudioVersion = 10.0.40219.1
Project("{9A19103F-16F7-4668-BE54-9A1E7A4F7556}") = "RedPlus", "RedPlus.csproj", "{4B2865A8-6950-477B-8843-29DFD3AA4B32}"
EndProject
Project("{FAE04EC0-301F-11D3-BF4B-00C04F79EFBC}") = "RedPlus.WebApp", "..\RedPlus.WebApp\RedPlus.WebApp.csproj", "{C5E00487-47B6-41DA-8C16-3BEB988A6074}"
EndProject
Global
	GlobalSection(SolutionConfigurationPlatforms) = preSolution
		Debug|Any CPU = Debug|Any CPU
		Release|Any CPU = Release|Any CPU
	EndGlobalSection
	GlobalSection(ProjectConfigurationPlatforms) = postSolution
		{4B2865A8-6950-477B-8843-29DFD3AA4B32}.Debug|Any CPU.ActiveCfg = Debug|Any CPU
		{4B2865A8-6950-477B-8843-29DFD3AA4B32}.Debug|Any CPU.Build.0 = Debug|Any CPU
		{4B2865A8-6950-477B-8843-29DFD3AA4B32}.Release|Any CPU.ActiveCfg = Release|Any CPU
		{4B2865A8-6950-477B-8843-29DFD3AA4B32}.Release|Any CPU.Build.0 = Release|Any CPU
		{C5E00487-47B6-41DA-8C16-3BEB988A6074}.Debug|Any CPU.ActiveCfg = Debug|Any CPU
		{C5E00487-47B6-41DA-8C16-3BEB988A6074}.Debug|Any CPU.Build.0 = Debug|Any CPU
		{C5E00487-47B6-41DA-8C16-3BEB988A6074}.Release|Any CPU.ActiveCfg = Release|Any CPU
		{C5E00487-47B6-41DA-8C16-3BEB988A6074}.Release|Any CPU.Build.0 = Release|Any CPU
	EndGlobalSection
	GlobalSection(SolutionProperties) = preSolution
		HideSolutionNode = FALSE
	EndGlobalSection
	GlobalSection(ExtensibilityGlobals) = postSolution
		SolutionGuid = {E3C54164-F982-4F38-8098-4F2F4FB7D3A4}
	EndGlobalSection
EndGlobal
